
Microsoft Visual Studio Solution File, Format Version 12.00
Project("{FAE04EC0-301F-11D3-BF4B-00C04F79EFBC}") = "Lobby.Api", "Lobby.Api\Lobby.Api.csproj", "{2E6F69CC-13F1-432B-B21C-62E0A8B6F7A3}"
EndProject
Project("{FAE04EC0-301F-11D3-BF4B-00C04F79EFBC}") = "Lobby.Models", "Lobby.Models\Lobby.Models.csproj", "{D44CF836-2E25-4097-AF54-7CD5AF6FA8CA}"
EndProject
Project("{FAE04EC0-301F-11D3-BF4B-00C04F79EFBC}") = "Lobby.Data", "Lobby.Data\Lobby.Data.csproj", "{3D767CD3-CE47-4C22-959B-497A8216F94E}"
EndProject
Project("{FAE04EC0-301F-11D3-BF4B-00C04F79EFBC}") = "Lobby.Logic", "Lobby.Logic\Lobby.Logic.csproj", "{357F5CE6-3458-4C26-8408-C948FE99E7FF}"
EndProject
Global
	GlobalSection(SolutionConfigurationPlatforms) = preSolution
		Debug|Any CPU = Debug|Any CPU
		Release|Any CPU = Release|Any CPU
	EndGlobalSection
	GlobalSection(ProjectConfigurationPlatforms) = postSolution
		{2E6F69CC-13F1-432B-B21C-62E0A8B6F7A3}.Debug|Any CPU.ActiveCfg = Debug|Any CPU
		{2E6F69CC-13F1-432B-B21C-62E0A8B6F7A3}.Debug|Any CPU.Build.0 = Debug|Any CPU
		{2E6F69CC-13F1-432B-B21C-62E0A8B6F7A3}.Release|Any CPU.ActiveCfg = Release|Any CPU
		{2E6F69CC-13F1-432B-B21C-62E0A8B6F7A3}.Release|Any CPU.Build.0 = Release|Any CPU
		{D44CF836-2E25-4097-AF54-7CD5AF6FA8CA}.Debug|Any CPU.ActiveCfg = Debug|Any CPU
		{D44CF836-2E25-4097-AF54-7CD5AF6FA8CA}.Debug|Any CPU.Build.0 = Debug|Any CPU
		{D44CF836-2E25-4097-AF54-7CD5AF6FA8CA}.Release|Any CPU.ActiveCfg = Release|Any CPU
		{D44CF836-2E25-4097-AF54-7CD5AF6FA8CA}.Release|Any CPU.Build.0 = Release|Any CPU
		{3D767CD3-CE47-4C22-959B-497A8216F94E}.Debug|Any CPU.ActiveCfg = Debug|Any CPU
		{3D767CD3-CE47-4C22-959B-497A8216F94E}.Debug|Any CPU.Build.0 = Debug|Any CPU
		{3D767CD3-CE47-4C22-959B-497A8216F94E}.Release|Any CPU.ActiveCfg = Release|Any CPU
		{3D767CD3-CE47-4C22-959B-497A8216F94E}.Release|Any CPU.Build.0 = Release|Any CPU
		{357F5CE6-3458-4C26-8408-C948FE99E7FF}.Debug|Any CPU.ActiveCfg = Debug|Any CPU
		{357F5CE6-3458-4C26-8408-C948FE99E7FF}.Debug|Any CPU.Build.0 = Debug|Any CPU
		{357F5CE6-3458-4C26-8408-C948FE99E7FF}.Release|Any CPU.ActiveCfg = Release|Any CPU
		{357F5CE6-3458-4C26-8408-C948FE99E7FF}.Release|Any CPU.Build.0 = Release|Any CPU
	EndGlobalSection
EndGlobal
